
Microsoft Visual Studio Solution File, Format Version 12.00
# Visual Studio Version 16
VisualStudioVersion = 16.0.30011.22
MinimumVisualStudioVersion = 10.0.40219.1
Project("{9A19103F-16F7-4668-BE54-9A1E7A4F7556}") = "Helper", "Helper.csproj", "{5FA1758F-99A7-46B0-B6CC-6599018A1269}"
EndProject
Project("{9A19103F-16F7-4668-BE54-9A1E7A4F7556}") = "HelperTests", "HelperTests\HelperTests.csproj", "{28F82FEE-4C21-4C38-A67A-6418958104A8}"
EndProject
Project("{9A19103F-16F7-4668-BE54-9A1E7A4F7556}") = "Solved Problems", "Solved Problems\Solved Problems.csproj", "{8C8BD962-A869-465E-A49F-48C5052172D4}"
EndProject
Global
	GlobalSection(SolutionConfigurationPlatforms) = preSolution
		Debug|Any CPU = Debug|Any CPU
		Release|Any CPU = Release|Any CPU
	EndGlobalSection
	GlobalSection(ProjectConfigurationPlatforms) = postSolution
		{5FA1758F-99A7-46B0-B6CC-6599018A1269}.Debug|Any CPU.ActiveCfg = Debug|Any CPU
		{5FA1758F-99A7-46B0-B6CC-6599018A1269}.Debug|Any CPU.Build.0 = Debug|Any CPU
		{5FA1758F-99A7-46B0-B6CC-6599018A1269}.Release|Any CPU.ActiveCfg = Release|Any CPU
		{5FA1758F-99A7-46B0-B6CC-6599018A1269}.Release|Any CPU.Build.0 = Release|Any CPU
		{28F82FEE-4C21-4C38-A67A-6418958104A8}.Debug|Any CPU.ActiveCfg = Debug|Any CPU
		{28F82FEE-4C21-4C38-A67A-6418958104A8}.Debug|Any CPU.Build.0 = Debug|Any CPU
		{28F82FEE-4C21-4C38-A67A-6418958104A8}.Release|Any CPU.ActiveCfg = Release|Any CPU
		{28F82FEE-4C21-4C38-A67A-6418958104A8}.Release|Any CPU.Build.0 = Release|Any CPU
		{8C8BD962-A869-465E-A49F-48C5052172D4}.Debug|Any CPU.ActiveCfg = Debug|Any CPU
		{8C8BD962-A869-465E-A49F-48C5052172D4}.Debug|Any CPU.Build.0 = Debug|Any CPU
		{8C8BD962-A869-465E-A49F-48C5052172D4}.Release|Any CPU.ActiveCfg = Release|Any CPU
		{8C8BD962-A869-465E-A49F-48C5052172D4}.Release|Any CPU.Build.0 = Release|Any CPU
	EndGlobalSection
	GlobalSection(SolutionProperties) = preSolution
		HideSolutionNode = FALSE
	EndGlobalSection
	GlobalSection(ExtensibilityGlobals) = postSolution
		SolutionGuid = {060252F3-AFF2-4C40-BFD8-A682B759C775}
	EndGlobalSection
EndGlobal
